
Microsoft Visual Studio Solution File, Format Version 12.00
# Visual Studio Version 17
VisualStudioVersion = 17.9.34902.65
MinimumVisualStudioVersion = 10.0.40219.1
Project("{FAE04EC0-301F-11D3-BF4B-00C04F79EFBC}") = "CapitalPlacement", "CapitalPlacement.csproj", "{F7C02A19-9BB9-4224-9D10-C105D75A693C}"
EndProject
Global
	GlobalSection(SolutionConfigurationPlatforms) = preSolution
		Debug|Any CPU = Debug|Any CPU
		Release|Any CPU = Release|Any CPU
	EndGlobalSection
	GlobalSection(ProjectConfigurationPlatforms) = postSolution
		{F7C02A19-9BB9-4224-9D10-C105D75A693C}.Debug|Any CPU.ActiveCfg = Debug|Any CPU
		{F7C02A19-9BB9-4224-9D10-C105D75A693C}.Debug|Any CPU.Build.0 = Debug|Any CPU
		{F7C02A19-9BB9-4224-9D10-C105D75A693C}.Release|Any CPU.ActiveCfg = Release|Any CPU
		{F7C02A19-9BB9-4224-9D10-C105D75A693C}.Release|Any CPU.Build.0 = Release|Any CPU
	EndGlobalSection
	GlobalSection(SolutionProperties) = preSolution
		HideSolutionNode = FALSE
	EndGlobalSection
	GlobalSection(ExtensibilityGlobals) = postSolution
		SolutionGuid = {6ECC6919-ED1A-4870-99A3-E5913E4A3683}
	EndGlobalSection
EndGlobal
